<?xml version="1.0" encoding="utf-8"?>
<Project ToolsVersion="4.0" xmlns="http://schemas.microsoft.com/developer/msbuild/2003">
  <ItemGroup>
    <Filter Include="src">
      <UniqueIdentifier>{a4f6c58f-fea4-4697-993c-7231e30db7dc}</UniqueIdentifier>
    </Filter>
    <Filter Include="include">
      <UniqueIdentifier>{0b34b99b-d18c-40fc-892f-0caad777d1ba}</UniqueIdentifier>
    </Filter>
    <Filter Include="build">
      <UniqueIdentifier>{ea4adc5e-9394-426b-a388-0448937dbef3}</UniqueIdentifier>
    </Filter>
    <Filter Include="App">
      <UniqueIdentifier>{aae3a9e4-af25-46a7-9754-457b84f83e95}</UniqueIdentifier>
    </Filter>
  </ItemGroup>
  <ItemGroup>
    <ClCompile Include="WinMain.cpp">
      <Filter>src</Filter>
    </ClCompile>
    <ClCompile Include="XAMLParser.cpp">
      <Filter>src</Filter>
    </ClCompile>
    <ClCompile Include="Renderer.cpp">
      <Filter>src</Filter>
    </ClCompile>
    <ClCompile Include="Window.cpp">
      <Filter>src</Filter>
    </ClCompile>
    <ClCompile Include="MainApp.cpp">
      <Filter>App</Filter>
    </ClCompile>
  </ItemGroup>
  <ItemGroup>
    <ClInclude Include="XAMLParser.h">
      <Filter>src</Filter>
    </ClInclude>
    <ClInclude Include="Renderer.h">
      <Filter>src</Filter>
    </ClInclude>
    <ClInclude Include="Window.h">
      <Filter>src</Filter>
    </ClInclude>
  </ItemGroup>
  <ItemGroup>
    <ResourceCompile Include="resource.rc">
      <Filter>src</Filter>
    </ResourceCompile>
  </ItemGroup>
</Project>